<?xml version="1.0" encoding="utf-8"?>
<Project ToolsVersion="4.0" xmlns="http://schemas.microsoft.com/developer/msbuild/2003">
  <ItemGroup>
    <Filter Include="소스 파일">
      <UniqueIdentifier>{4FC737F1-C7A5-4376-A066-2A32D752A2FF}</UniqueIdentifier>
      <Extensions>cpp;c;cc;cxx;c++;cppm;ixx;def;odl;idl;hpj;bat;asm;asmx</Extensions>
    </Filter>
    <Filter Include="헤더 파일">
      <UniqueIdentifier>{93995380-89BD-4b04-88EB-625FBE52EBFB}</UniqueIdentifier>
      <Extensions>h;hh;hpp;hxx;h++;hm;inl;inc;ipp;xsd</Extensions>
    </Filter>
    <Filter Include="리소스 파일">
      <UniqueIdentifier>{67DA6AB6-F800-4c08-8B7A-83BB121AAD01}</UniqueIdentifier>
      <Extensions>rc;ico;cur;bmp;dlg;rc2;rct;bin;rgs;gif;jpg;jpeg;jpe;resx;tiff;tif;png;wav;mfcribbon-ms</Extensions>
    </Filter>
    <Filter Include="소스 파일\include">
      <UniqueIdentifier>{c09745c5-6abd-41c8-ada5-cbc45527ecf2}</UniqueIdentifier>
    </Filter>
    <Filter Include="헤더 파일\include">
      <UniqueIdentifier>{a93adbda-b527-41c5-a14d-fa9faaef70c7}</UniqueIdentifier>
    </Filter>
    <Filter Include="소스 파일\plate">
      <UniqueIdentifier>{5df4a85d-3794-40ce-ae7b-9e903e47eace}</UniqueIdentifier>
    </Filter>
    <Filter Include="헤더 파일\plate">
      <UniqueIdentifier>{96af0dbc-294f-4ac3-b97d-7c7f80573c02}</UniqueIdentifier>
    </Filter>
  </ItemGroup>
  <ItemGroup>
    <ClInclude Include="KistAnprApp.h">
      <Filter>헤더 파일</Filter>
    </ClInclude>
    <ClInclude Include="KistAnprAppDlg.h">
      <Filter>헤더 파일</Filter>
    </ClInclude>
    <ClInclude Include="framework.h">
      <Filter>헤더 파일</Filter>
    </ClInclude>
    <ClInclude Include="targetver.h">
      <Filter>헤더 파일</Filter>
    </ClInclude>
    <ClInclude Include="Resource.h">
      <Filter>헤더 파일</Filter>
    </ClInclude>
    <ClInclude Include="pch.h">
      <Filter>헤더 파일</Filter>
    </ClInclude>
    <ClInclude Include="CProfileLoad.h">
      <Filter>헤더 파일</Filter>
    </ClInclude>
    <ClInclude Include="define.h">
      <Filter>헤더 파일</Filter>
    </ClInclude>
    <ClInclude Include="plate\Detector.h">
      <Filter>헤더 파일\plate</Filter>
    </ClInclude>
    <ClInclude Include="plate\utils.h">
      <Filter>헤더 파일\plate</Filter>
    </ClInclude>
    <ClInclude Include="CLocalInfoSet.h">
      <Filter>헤더 파일</Filter>
    </ClInclude>
    <ClInclude Include="KistAnprClass.h">
      <Filter>헤더 파일</Filter>
    </ClInclude>
    <ClInclude Include="CFileManager.h">
      <Filter>헤더 파일</Filter>
    </ClInclude>
    <ClInclude Include="plate\Wcommon.h">
      <Filter>헤더 파일\plate</Filter>
    </ClInclude>
    <ClInclude Include="plate\Wdisp.h">
      <Filter>헤더 파일\plate</Filter>
    </ClInclude>
  </ItemGroup>
  <ItemGroup>
    <ClCompile Include="KistAnprApp.cpp">
      <Filter>소스 파일</Filter>
    </ClCompile>
    <ClCompile Include="KistAnprAppDlg.cpp">
      <Filter>소스 파일</Filter>
    </ClCompile>
    <ClCompile Include="pch.cpp">
      <Filter>소스 파일</Filter>
    </ClCompile>
    <ClCompile Include="CProfileLoad.cpp">
      <Filter>소스 파일</Filter>
    </ClCompile>
    <ClCompile Include="plate\utils.cpp">
      <Filter>소스 파일\plate</Filter>
    </ClCompile>
    <ClCompile Include="plate\Detector.cpp">
      <Filter>소스 파일\plate</Filter>
    </ClCompile>
    <ClCompile Include="CLocalInfoSet.cpp">
      <Filter>소스 파일</Filter>
    </ClCompile>
    <ClCompile Include="KistAnprClass.cpp">
      <Filter>소스 파일</Filter>
    </ClCompile>
    <ClCompile Include="CFileManager.cpp">
      <Filter>소스 파일</Filter>
    </ClCompile>
    <ClCompile Include="plate\Wcommon.cpp">
      <Filter>소스 파일\plate</Filter>
    </ClCompile>
    <ClCompile Include="plate\Wdisp.cpp">
      <Filter>소스 파일\plate</Filter>
    </ClCompile>
  </ItemGroup>
  <ItemGroup>
    <ResourceCompile Include="KistAnprApp.rc">
      <Filter>리소스 파일</Filter>
    </ResourceCompile>
  </ItemGroup>
  <ItemGroup>
    <None Include="res\KistAnprApp.rc2">
      <Filter>리소스 파일</Filter>
    </None>
  </ItemGroup>
  <ItemGroup>
    <Image Include="res\KistAnprApp.ico">
      <Filter>리소스 파일</Filter>
    </Image>
  </ItemGroup>
  <ItemGroup>
    <Library Include="plate\o_lib_2019.lib" />
    <Library Include="plate\vclib_2019.lib" />
    <Library Include="opencv_wrap.lib" />
  </ItemGroup>
</Project>